
Microsoft Visual Studio Solution File, Format Version 12.00
# Visual Studio Version 17
VisualStudioVersion = 17.7.34221.43
MinimumVisualStudioVersion = 10.0.40219.1
Project("{FAE04EC0-301F-11D3-BF4B-00C04F79EFBC}") = "Esemenynaptar_BackEnd", "Esemenynaptar_BackEnd\Esemenynaptar_BackEnd.csproj", "{BB24F48E-F3F4-4B76-9DDF-8F66A2B4693B}"
EndProject
Global
	GlobalSection(SolutionConfigurationPlatforms) = preSolution
		Debug|Any CPU = Debug|Any CPU
		Release|Any CPU = Release|Any CPU
	EndGlobalSection
	GlobalSection(ProjectConfigurationPlatforms) = postSolution
		{BB24F48E-F3F4-4B76-9DDF-8F66A2B4693B}.Debug|Any CPU.ActiveCfg = Debug|Any CPU
		{BB24F48E-F3F4-4B76-9DDF-8F66A2B4693B}.Debug|Any CPU.Build.0 = Debug|Any CPU
		{BB24F48E-F3F4-4B76-9DDF-8F66A2B4693B}.Release|Any CPU.ActiveCfg = Release|Any CPU
		{BB24F48E-F3F4-4B76-9DDF-8F66A2B4693B}.Release|Any CPU.Build.0 = Release|Any CPU
	EndGlobalSection
	GlobalSection(SolutionProperties) = preSolution
		HideSolutionNode = FALSE
	EndGlobalSection
	GlobalSection(ExtensibilityGlobals) = postSolution
		SolutionGuid = {2C903468-FF7A-4982-9951-1C226F4C23DD}
	EndGlobalSection
EndGlobal
